// !$*UTF8*$!
{
	archiveVersion = 1;
	classes = {
	};
	objectVersion = 50;
	objects = {

/* Begin PBXBuildFile section */
		1C6A9CB92206A581480804A8 /* libPods-Socket.IO-Client-Swift-Demo.a in Frameworks */ = {isa = PBXBuildFile; fileRef = E79ED2A3E2FEFFFBEBB927F9 /* libPods-Socket.IO-Client-Swift-Demo.a */; };
		BE70EA6122F975FD00DA30F2 /* AppDelegate.m in Sources */ = {isa = PBXBuildFile; fileRef = BE70EA6022F975FD00DA30F2 /* AppDelegate.m */; };
		BE70EA6422F975FD00DA30F2 /* ViewController.m in Sources */ = {isa = PBXBuildFile; fileRef = BE70EA6322F975FD00DA30F2 /* ViewController.m */; };
		BE70EA6722F975FD00DA30F2 /* Main.storyboard in Resources */ = {isa = PBXBuildFile; fileRef = BE70EA6522F975FD00DA30F2 /* Main.storyboard */; };
		BE70EA6922F975FF00DA30F2 /* Assets.xcassets in Resources */ = {isa = PBXBuildFile; fileRef = BE70EA6822F975FF00DA30F2 /* Assets.xcassets */; };
		BE70EA6C22F975FF00DA30F2 /* LaunchScreen.storyboard in Resources */ = {isa = PBXBuildFile; fileRef = BE70EA6A22F975FF00DA30F2 /* LaunchScreen.storyboard */; };
		BE70EA6F22F975FF00DA30F2 /* main.m in Sources */ = {isa = PBXBuildFile; fileRef = BE70EA6E22F975FF00DA30F2 /* main.m */; };
		BE70EA7822F976FF00DA30F2 /* OFSSockeHandle.m in Sources */ = {isa = PBXBuildFile; fileRef = BE70EA7622F976FF00DA30F2 /* OFSSockeHandle.m */; };
		BE70EA7B22F9771F00DA30F2 /* File.swift in Sources */ = {isa = PBXBuildFile; fileRef = BE70EA7A22F9771F00DA30F2 /* File.swift */; };
/* End PBXBuildFile section */

/* Begin PBXFileReference section */
		205179233AE7AB5E08CA38CE /* Pods-Socket.IO-Client-Swift-Demo.debug.xcconfig */ = {isa = PBXFileReference; includeInIndex = 1; lastKnownFileType = text.xcconfig; name = "Pods-Socket.IO-Client-Swift-Demo.debug.xcconfig"; path = "Target Support Files/Pods-Socket.IO-Client-Swift-Demo/Pods-Socket.IO-Client-Swift-Demo.debug.xcconfig"; sourceTree = "<group>"; };
		BCB84B6D1D850A7F159EFAD6 /* Pods-Socket.IO-Client-Swift-Demo.release.xcconfig */ = {isa = PBXFileReference; includeInIndex = 1; lastKnownFileType = text.xcconfig; name = "Pods-Socket.IO-Client-Swift-Demo.release.xcconfig"; path = "Target Support Files/Pods-Socket.IO-Client-Swift-Demo/Pods-Socket.IO-Client-Swift-Demo.release.xcconfig"; sourceTree = "<group>"; };
		BE70EA5C22F975FD00DA30F2 /* Socket.IO-Client-Swift-Demo.app */ = {isa = PBXFileReference; explicitFileType = wrapper.application; includeInIndex = 0; path = "Socket.IO-Client-Swift-Demo.app"; sourceTree = BUILT_PRODUCTS_DIR; };
		BE70EA5F22F975FD00DA30F2 /* AppDelegate.h */ = {isa = PBXFileReference; lastKnownFileType = sourcecode.c.h; path = AppDelegate.h; sourceTree = "<group>"; };
		BE70EA6022F975FD00DA30F2 /* AppDelegate.m */ = {isa = PBXFileReference; lastKnownFileType = sourcecode.c.objc; path = AppDelegate.m; sourceTree = "<group>"; };
		BE70EA6222F975FD00DA30F2 /* ViewController.h */ = {isa = PBXFileReference; lastKnownFileType = sourcecode.c.h; path = ViewController.h; sourceTree = "<group>"; };
		BE70EA6322F975FD00DA30F2 /* ViewController.m */ = {isa = PBXFileReference; lastKnownFileType = sourcecode.c.objc; path = ViewController.m; sourceTree = "<group>"; };
		BE70EA6622F975FD00DA30F2 /* Base */ = {isa = PBXFileReference; lastKnownFileType = file.storyboard; name = Base; path = Base.lproj/Main.storyboard; sourceTree = "<group>"; };
		BE70EA6822F975FF00DA30F2 /* Assets.xcassets */ = {isa = PBXFileReference; lastKnownFileType = folder.assetcatalog; path = Assets.xcassets; sourceTree = "<group>"; };
		BE70EA6B22F975FF00DA30F2 /* Base */ = {isa = PBXFileReference; lastKnownFileType = file.storyboard; name = Base; path = Base.lproj/LaunchScreen.storyboard; sourceTree = "<group>"; };
		BE70EA6D22F975FF00DA30F2 /* Info.plist */ = {isa = PBXFileReference; lastKnownFileType = text.plist.xml; path = Info.plist; sourceTree = "<group>"; };
		BE70EA6E22F975FF00DA30F2 /* main.m */ = {isa = PBXFileReference; lastKnownFileType = sourcecode.c.objc; path = main.m; sourceTree = "<group>"; };
		BE70EA7622F976FF00DA30F2 /* OFSSockeHandle.m */ = {isa = PBXFileReference; fileEncoding = 4; lastKnownFileType = sourcecode.c.objc; path = OFSSockeHandle.m; sourceTree = "<group>"; };
		BE70EA7722F976FF00DA30F2 /* OFSSockeHandle.h */ = {isa = PBXFileReference; fileEncoding = 4; lastKnownFileType = sourcecode.c.h; path = OFSSockeHandle.h; sourceTree = "<group>"; };
		BE70EA7922F9771E00DA30F2 /* Socket.IO-Client-Swift-Demo-Bridging-Header.h */ = {isa = PBXFileReference; lastKnownFileType = sourcecode.c.h; path = "Socket.IO-Client-Swift-Demo-Bridging-Header.h"; sourceTree = "<group>"; };
		BE70EA7A22F9771F00DA30F2 /* File.swift */ = {isa = PBXFileReference; lastKnownFileType = sourcecode.swift; path = File.swift; sourceTree = "<group>"; };
		E79ED2A3E2FEFFFBEBB927F9 /* libPods-Socket.IO-Client-Swift-Demo.a */ = {isa = PBXFileReference; explicitFileType = archive.ar; includeInIndex = 0; path = "libPods-Socket.IO-Client-Swift-Demo.a"; sourceTree = BUILT_PRODUCTS_DIR; };
/* End PBXFileReference section */

/* Begin PBXFrameworksBuildPhase section */
		BE70EA5922F975FD00DA30F2 /* Frameworks */ = {
			isa = PBXFrameworksBuildPhase;
			buildActionMask = 2147483647;
			files = (
				1C6A9CB92206A581480804A8 /* libPods-Socket.IO-Client-Swift-Demo.a in Frameworks */,
			);
			runOnlyForDeploymentPostprocessing = 0;
		};
/* End PBXFrameworksBuildPhase section */

/* Begin PBXGroup section */
		9E9ACA43E0EF39167ADAAAAF /* Pods */ = {
			isa = PBXGroup;
			children = (
				205179233AE7AB5E08CA38CE /* Pods-Socket.IO-Client-Swift-Demo.debug.xcconfig */,
				BCB84B6D1D850A7F159EFAD6 /* Pods-Socket.IO-Client-Swift-Demo.release.xcconfig */,
			);
			path = Pods;
			sourceTree = "<group>";
		};
		B0F7D5EFDE73206C0241BEED /* Frameworks */ = {
			isa = PBXGroup;
			children = (
				E79ED2A3E2FEFFFBEBB927F9 /* libPods-Socket.IO-Client-Swift-Demo.a */,
			);
			name = Frameworks;
			sourceTree = "<group>";
		};
		BE70EA5322F975FD00DA30F2 = {
			isa = PBXGroup;
			children = (
				BE70EA5E22F975FD00DA30F2 /* Socket.IO-Client-Swift-Demo */,
				BE70EA5D22F975FD00DA30F2 /* Products */,
				9E9ACA43E0EF39167ADAAAAF /* Pods */,
				B0F7D5EFDE73206C0241BEED /* Frameworks */,
			);
			sourceTree = "<group>";
		};
		BE70EA5D22F975FD00DA30F2 /* Products */ = {
			isa = PBXGroup;
			children = (
				BE70EA5C22F975FD00DA30F2 /* Socket.IO-Client-Swift-Demo.app */,
			);
			name = Products;
			sourceTree = "<group>";
		};
		BE70EA5E22F975FD00DA30F2 /* Socket.IO-Client-Swift-Demo */ = {
			isa = PBXGroup;
			children = (
				BE70EA7522F976FF00DA30F2 /* sockeHandle */,
				BE70EA5F22F975FD00DA30F2 /* AppDelegate.h */,
				BE70EA6022F975FD00DA30F2 /* AppDelegate.m */,
				BE70EA6222F975FD00DA30F2 /* ViewController.h */,
				BE70EA6322F975FD00DA30F2 /* ViewController.m */,
				BE70EA7A22F9771F00DA30F2 /* File.swift */,
				BE70EA6522F975FD00DA30F2 /* Main.storyboard */,
				BE70EA6822F975FF00DA30F2 /* Assets.xcassets */,
				BE70EA6A22F975FF00DA30F2 /* LaunchScreen.storyboard */,
				BE70EA6D22F975FF00DA30F2 /* Info.plist */,
				BE70EA6E22F975FF00DA30F2 /* main.m */,
				BE70EA7922F9771E00DA30F2 /* Socket.IO-Client-Swift-Demo-Bridging-Header.h */,
			);
			path = "Socket.IO-Client-Swift-Demo";
			sourceTree = "<group>";
		};
		BE70EA7522F976FF00DA30F2 /* sockeHandle */ = {
			isa = PBXGroup;
			children = (
				BE70EA7622F976FF00DA30F2 /* OFSSockeHandle.m */,
				BE70EA7722F976FF00DA30F2 /* OFSSockeHandle.h */,
			);
			path = sockeHandle;
			sourceTree = "<group>";
		};
/* End PBXGroup section */

/* Begin PBXNativeTarget section */
		BE70EA5B22F975FD00DA30F2 /* Socket.IO-Client-Swift-Demo */ = {
			isa = PBXNativeTarget;
			buildConfigurationList = BE70EA7222F975FF00DA30F2 /* Build configuration list for PBXNativeTarget "Socket.IO-Client-Swift-Demo" */;
			buildPhases = (
				F1DF54BBF0EDFCBF6477B44F /* [CP] Check Pods Manifest.lock */,
				BE70EA5822F975FD00DA30F2 /* Sources */,
				BE70EA5922F975FD00DA30F2 /* Frameworks */,
				BE70EA5A22F975FD00DA30F2 /* Resources */,
			);
			buildRules = (
			);
			dependencies = (
			);
			name = "Socket.IO-Client-Swift-Demo";
			productName = "Socket.IO-Client-Swift-Demo";
			productReference = BE70EA5C22F975FD00DA30F2 /* Socket.IO-Client-Swift-Demo.app */;
			productType = "com.apple.product-type.application";
		};
/* End PBXNativeTarget section */

/* Begin PBXProject section */
		BE70EA5422F975FD00DA30F2 /* Project object */ = {
			isa = PBXProject;
			attributes = {
				LastUpgradeCheck = 1030;
				ORGANIZATIONNAME = "黄龙山";
				TargetAttributes = {
					BE70EA5B22F975FD00DA30F2 = {
						CreatedOnToolsVersion = 10.3;
						LastSwiftMigration = 1030;
					};
				};
			};
			buildConfigurationList = BE70EA5722F975FD00DA30F2 /* Build configuration list for PBXProject "Socket.IO-Client-Swift-Demo" */;
			compatibilityVersion = "Xcode 9.3";
			developmentRegion = en;
			hasScannedForEncodings = 0;
			knownRegions = (
				en,
				Base,
			);
			mainGroup = BE70EA5322F975FD00DA30F2;
			productRefGroup = BE70EA5D22F975FD00DA30F2 /* Products */;
			projectDirPath = "";
			projectRoot = "";
			targets = (
				BE70EA5B22F975FD00DA30F2 /* Socket.IO-Client-Swift-Demo */,
			);
		};
/* End PBXProject section */

/* Begin PBXResourcesBuildPhase section */
		BE70EA5A22F975FD00DA30F2 /* Resources */ = {
			isa = PBXResourcesBuildPhase;
			buildActionMask = 2147483647;
			files = (
				BE70EA6C22F975FF00DA30F2 /* LaunchScreen.storyboard in Resources */,
				BE70EA6922F975FF00DA30F2 /* Assets.xcassets in Resources */,
				BE70EA6722F975FD00DA30F2 /* Main.storyboard in Resources */,
			);
			runOnlyForDeploymentPostprocessing = 0;
		};
/* End PBXResourcesBuildPhase section */

/* Begin PBXShellScriptBuildPhase section */
		F1DF54BBF0EDFCBF6477B44F /* [CP] Check Pods Manifest.lock */ = {
			isa = PBXShellScriptBuildPhase;
			buildActionMask = 2147483647;
			files = (
			);
			inputFileListPaths = (
			);
			inputPaths = (
				"${PODS_PODFILE_DIR_PATH}/Podfile.lock",
				"${PODS_ROOT}/Manifest.lock",
			);
			name = "[CP] Check Pods Manifest.lock";
			outputFileListPaths = (
			);
			outputPaths = (
				"$(DERIVED_FILE_DIR)/Pods-Socket.IO-Client-Swift-Demo-checkManifestLockResult.txt",
			);
			runOnlyForDeploymentPostprocessing = 0;
			shellPath = /bin/sh;
			shellScript = "diff \"${PODS_PODFILE_DIR_PATH}/Podfile.lock\" \"${PODS_ROOT}/Manifest.lock\" > /dev/null\nif [ $? != 0 ] ; then\n    # print error to STDERR\n    echo \"error: The sandbox is not in sync with the Podfile.lock. Run 'pod install' or update your CocoaPods installation.\" >&2\n    exit 1\nfi\n# This output is used by Xcode 'outputs' to avoid re-running this script phase.\necho \"SUCCESS\" > \"${SCRIPT_OUTPUT_FILE_0}\"\n";
			showEnvVarsInLog = 0;
		};
/* End PBXShellScriptBuildPhase section */

/* Begin PBXSourcesBuildPhase section */
		BE70EA5822F975FD00DA30F2 /* Sources */ = {
			isa = PBXSourcesBuildPhase;
			buildActionMask = 2147483647;
			files = (
				BE70EA7B22F9771F00DA30F2 /* File.swift in Sources */,
				BE70EA7822F976FF00DA30F2 /* OFSSockeHandle.m in Sources */,
				BE70EA6422F975FD00DA30F2 /* ViewController.m in Sources */,
				BE70EA6F22F975FF00DA30F2 /* main.m in Sources */,
				BE70EA6122F975FD00DA30F2 /* AppDelegate.m in Sources */,
			);
			runOnlyForDeploymentPostprocessing = 0;
		};
/* End PBXSourcesBuildPhase section */

/* Begin PBXVariantGroup section */
		BE70EA6522F975FD00DA30F2 /* Main.storyboard */ = {
			isa = PBXVariantGroup;
			children = (
				BE70EA6622F975FD00DA30F2 /* Base */,
			);
			name = Main.storyboard;
			sourceTree = "<group>";
		};
		BE70EA6A22F975FF00DA30F2 /* LaunchScreen.storyboard */ = {
			isa = PBXVariantGroup;
			children = (
				BE70EA6B22F975FF00DA30F2 /* Base */,
			);
			name = LaunchScreen.storyboard;
			sourceTree = "<group>";
		};
/* End PBXVariantGroup section */

/* Begin XCBuildConfiguration section */
		BE70EA7022F975FF00DA30F2 /* Debug */ = {
			isa = XCBuildConfiguration;
			buildSettings = {
				ALWAYS_SEARCH_USER_PATHS = NO;
				CLANG_ANALYZER_NONNULL = YES;
				CLANG_ANALYZER_NUMBER_OBJECT_CONVERSION = YES_AGGRESSIVE;
				CLANG_CXX_LANGUAGE_STANDARD = "gnu++14";
				CLANG_CXX_LIBRARY = "libc++";
				CLANG_ENABLE_MODULES = YES;
				CLANG_ENABLE_OBJC_ARC = YES;
				CLANG_ENABLE_OBJC_WEAK = YES;
				CLANG_WARN_BLOCK_CAPTURE_AUTORELEASING = YES;
				CLANG_WARN_BOOL_CONVERSION = YES;
				CLANG_WARN_COMMA = YES;
				CLANG_WARN_CONSTANT_CONVERSION = YES;
				CLANG_WARN_DEPRECATED_OBJC_IMPLEMENTATIONS = YES;
				CLANG_WARN_DIRECT_OBJC_ISA_USAGE = YES_ERROR;
				CLANG_WARN_DOCUMENTATION_COMMENTS = YES;
				CLANG_WARN_EMPTY_BODY = YES;
				CLANG_WARN_ENUM_CONVERSION = YES;
				CLANG_WARN_INFINITE_RECURSION = YES;
				CLANG_WARN_INT_CONVERSION = YES;
				CLANG_WARN_NON_LITERAL_NULL_CONVERSION = YES;
				CLANG_WARN_OBJC_IMPLICIT_RETAIN_SELF = YES;
				CLANG_WARN_OBJC_LITERAL_CONVERSION = YES;
				CLANG_WARN_OBJC_ROOT_CLASS = YES_ERROR;
				CLANG_WARN_RANGE_LOOP_ANALYSIS = YES;
				CLANG_WARN_STRICT_PROTOTYPES = YES;
				CLANG_WARN_SUSPICIOUS_MOVE = YES;
				CLANG_WARN_UNGUARDED_AVAILABILITY = YES_AGGRESSIVE;
				CLANG_WARN_UNREACHABLE_CODE = YES;
				CLANG_WARN__DUPLICATE_METHOD_MATCH = YES;
				CODE_SIGN_IDENTITY = "iPhone Developer";
				COPY_PHASE_STRIP = NO;
				DEBUG_INFORMATION_FORMAT = dwarf;
				ENABLE_STRICT_OBJC_MSGSEND = YES;
				ENABLE_TESTABILITY = YES;
				GCC_C_LANGUAGE_STANDARD = gnu11;
				GCC_DYNAMIC_NO_PIC = NO;
				GCC_NO_COMMON_BLOCKS = YES;
				GCC_OPTIMIZATION_LEVEL = 0;
				GCC_PREPROCESSOR_DEFINITIONS = (
					"DEBUG=1",
					"$(inherited)",
				);
				GCC_WARN_64_TO_32_BIT_CONVERSION = YES;
				GCC_WARN_ABOUT_RETURN_TYPE = YES_ERROR;
				GCC_WARN_UNDECLARED_SELECTOR = YES;
				GCC_WARN_UNINITIALIZED_AUTOS = YES_AGGRESSIVE;
				GCC_WARN_UNUSED_FUNCTION = YES;
				GCC_WARN_UNUSED_VARIABLE = YES;
				IPHONEOS_DEPLOYMENT_TARGET = 12.4;
				MTL_ENABLE_DEBUG_INFO = INCLUDE_SOURCE;
				MTL_FAST_MATH = YES;
				ONLY_ACTIVE_ARCH = YES;
				SDKROOT = iphoneos;
			};
			name = Debug;
		};
		BE70EA7122F975FF00DA30F2 /* Release */ = {
			isa = XCBuildConfiguration;
			buildSettings = {
				ALWAYS_SEARCH_USER_PATHS = NO;
				CLANG_ANALYZER_NONNULL = YES;
				CLANG_ANALYZER_NUMBER_OBJECT_CONVERSION = YES_AGGRESSIVE;
				CLANG_CXX_LANGUAGE_STANDARD = "gnu++14";
				CLANG_CXX_LIBRARY = "libc++";
				CLANG_ENABLE_MODULES = YES;
				CLANG_ENABLE_OBJC_ARC = YES;
				CLANG_ENABLE_OBJC_WEAK = YES;
				CLANG_WARN_BLOCK_CAPTURE_AUTORELEASING = YES;
				CLANG_WARN_BOOL_CONVERSION = YES;
				CLANG_WARN_COMMA = YES;
				CLANG_WARN_CONSTANT_CONVERSION = YES;
				CLANG_WARN_DEPRECATED_OBJC_IMPLEMENTATIONS = YES;
				CLANG_WARN_DIRECT_OBJC_ISA_USAGE = YES_ERROR;
				CLANG_WARN_DOCUMENTATION_COMMENTS = YES;
				CLANG_WARN_EMPTY_BODY = YES;
				CLANG_WARN_ENUM_CONVERSION = YES;
				CLANG_WARN_INFINITE_RECURSION = YES;
				CLANG_WARN_INT_CONVERSION = YES;
				CLANG_WARN_NON_LITERAL_NULL_CONVERSION = YES;
				CLANG_WARN_OBJC_IMPLICIT_RETAIN_SELF = YES;
				CLANG_WARN_OBJC_LITERAL_CONVERSION = YES;
				CLANG_WARN_OBJC_ROOT_CLASS = YES_ERROR;
				CLANG_WARN_RANGE_LOOP_ANALYSIS = YES;
				CLANG_WARN_STRICT_PROTOTYPES = YES;
				CLANG_WARN_SUSPICIOUS_MOVE = YES;
				CLANG_WARN_UNGUARDED_AVAILABILITY = YES_AGGRESSIVE;
				CLANG_WARN_UNREACHABLE_CODE = YES;
				CLANG_WARN__DUPLICATE_METHOD_MATCH = YES;
				CODE_SIGN_IDENTITY = "iPhone Developer";
				COPY_PHASE_STRIP = NO;
				DEBUG_INFORMATION_FORMAT = "dwarf-with-dsym";
				ENABLE_NS_ASSERTIONS = NO;
				ENABLE_STRICT_OBJC_MSGSEND = YES;
				GCC_C_LANGUAGE_STANDARD = gnu11;
				GCC_NO_COMMON_BLOCKS = YES;
				GCC_WARN_64_TO_32_BIT_CONVERSION = YES;
				GCC_WARN_ABOUT_RETURN_TYPE = YES_ERROR;
				GCC_WARN_UNDECLARED_SELECTOR = YES;
				GCC_WARN_UNINITIALIZED_AUTOS = YES_AGGRESSIVE;
				GCC_WARN_UNUSED_FUNCTION = YES;
				GCC_WARN_UNUSED_VARIABLE = YES;
				IPHONEOS_DEPLOYMENT_TARGET = 12.4;
				MTL_ENABLE_DEBUG_INFO = NO;
				MTL_FAST_MATH = YES;
				SDKROOT = iphoneos;
				VALIDATE_PRODUCT = YES;
			};
			name = Release;
		};
		BE70EA7322F975FF00DA30F2 /* Debug */ = {
			isa = XCBuildConfiguration;
			baseConfigurationReference = 205179233AE7AB5E08CA38CE /* Pods-Socket.IO-Client-Swift-Demo.debug.xcconfig */;
			buildSettings = {
				ASSETCATALOG_COMPILER_APPICON_NAME = AppIcon;
				CLANG_ENABLE_MODULES = YES;
				CODE_SIGN_STYLE = Automatic;
				INFOPLIST_FILE = "Socket.IO-Client-Swift-Demo/Info.plist";
				LD_RUNPATH_SEARCH_PATHS = (
					"$(inherited)",
					"@executable_path/Frameworks",
				);
				PRODUCT_BUNDLE_IDENTIFIER = "samtake.Socket-IO-Client-Swift-Demo";
				PRODUCT_NAME = "$(TARGET_NAME)";
				SWIFT_OBJC_BRIDGING_HEADER = "Socket.IO-Client-Swift-Demo/Socket.IO-Client-Swift-Demo-Bridging-Header.h";
				SWIFT_OPTIMIZATION_LEVEL = "-Onone";
				SWIFT_VERSION = 5.0;
				TARGETED_DEVICE_FAMILY = "1,2";
			};
			name = Debug;
		};
		BE70EA7422F975FF00DA30F2 /* Release */ = {
			isa = XCBuildConfiguration;
			baseConfigurationReference = BCB84B6D1D850A7F159EFAD6 /* Pods-Socket.IO-Client-Swift-Demo.release.xcconfig */;
			buildSettings = {
				ASSETCATALOG_COMPILER_APPICON_NAME = AppIcon;
				CLANG_ENABLE_MODULES = YES;
				CODE_SIGN_STYLE = Automatic;
				INFOPLIST_FILE = "Socket.IO-Client-Swift-Demo/Info.plist";
				LD_RUNPATH_SEARCH_PATHS = (
					"$(inherited)",
					"@executable_path/Frameworks",
				);
				PRODUCT_BUNDLE_IDENTIFIER = "samtake.Socket-IO-Client-Swift-Demo";
				PRODUCT_NAME = "$(TARGET_NAME)";
				SWIFT_OBJC_BRIDGING_HEADER = "Socket.IO-Client-Swift-Demo/Socket.IO-Client-Swift-Demo-Bridging-Header.h";
				SWIFT_VERSION = 5.0;
				TARGETED_DEVICE_FAMILY = "1,2";
			};
			name = Release;
		};
/* End XCBuildConfiguration section */

/* Begin XCConfigurationList section */
		BE70EA5722F975FD00DA30F2 /* Build configuration list for PBXProject "Socket.IO-Client-Swift-Demo" */ = {
			isa = XCConfigurationList;
			buildConfigurations = (
				BE70EA7022F975FF00DA30F2 /* Debug */,
				BE70EA7122F975FF00DA30F2 /* Release */,
			);
			defaultConfigurationIsVisible = 0;
			defaultConfigurationName = Release;
		};
		BE70EA7222F975FF00DA30F2 /* Build configuration list for PBXNativeTarget "Socket.IO-Client-Swift-Demo" */ = {
			isa = XCConfigurationList;
			buildConfigurations = (
				BE70EA7322F975FF00DA30F2 /* Debug */,
				BE70EA7422F975FF00DA30F2 /* Release */,
			);
			defaultConfigurationIsVisible = 0;
			defaultConfigurationName = Release;
		};
/* End XCConfigurationList section */
	};
	rootObject = BE70EA5422F975FD00DA30F2 /* Project object */;
}
